
Microsoft Visual Studio Solution File, Format Version 12.00
Project("{FAE04EC0-301F-11D3-BF4B-00C04F79EFBC}") = "group_11_assignment7", "group_11_assignment7.csproj", "{F92D20FF-C0F5-477E-8283-5D9E50393D3F}"
EndProject
Global
	GlobalSection(SolutionConfigurationPlatforms) = preSolution
		Debug|Any CPU = Debug|Any CPU
		Release|Any CPU = Release|Any CPU
	EndGlobalSection
	GlobalSection(ProjectConfigurationPlatforms) = postSolution
		{F92D20FF-C0F5-477E-8283-5D9E50393D3F}.Debug|Any CPU.ActiveCfg = Debug|Any CPU
		{F92D20FF-C0F5-477E-8283-5D9E50393D3F}.Debug|Any CPU.Build.0 = Debug|Any CPU
		{F92D20FF-C0F5-477E-8283-5D9E50393D3F}.Release|Any CPU.ActiveCfg = Release|Any CPU
		{F92D20FF-C0F5-477E-8283-5D9E50393D3F}.Release|Any CPU.Build.0 = Release|Any CPU
	EndGlobalSection
EndGlobal
